
Microsoft Visual Studio Solution File, Format Version 11.00
# Visual Studio 2010
Project("{FAE04EC0-301F-11D3-BF4B-00C04F79EFBC}") = "TCPLibrary", "TCPLibrary\TCPLibrary.csproj", "{98CEFAF6-9E78-4DC2-A0B1-69AA7F9F6E21}"
EndProject
Project("{FAE04EC0-301F-11D3-BF4B-00C04F79EFBC}") = "TCPClient", "TCPClient\TCPClient.csproj", "{6D2450F1-6E43-4629-9859-506E938337FD}"
EndProject
Project("{FAE04EC0-301F-11D3-BF4B-00C04F79EFBC}") = "TCPServer", "TCPServer\TCPServer.csproj", "{E51A89AF-7E67-44DC-ADC9-B1AE4F1FA0B2}"
EndProject
Global
	GlobalSection(SolutionConfigurationPlatforms) = preSolution
		Debug|Any CPU = Debug|Any CPU
		Debug|Mixed Platforms = Debug|Mixed Platforms
		Debug|x86 = Debug|x86
		Release|Any CPU = Release|Any CPU
		Release|Mixed Platforms = Release|Mixed Platforms
		Release|x86 = Release|x86
	EndGlobalSection
	GlobalSection(ProjectConfigurationPlatforms) = postSolution
		{98CEFAF6-9E78-4DC2-A0B1-69AA7F9F6E21}.Debug|Any CPU.ActiveCfg = Debug|Any CPU
		{98CEFAF6-9E78-4DC2-A0B1-69AA7F9F6E21}.Debug|Any CPU.Build.0 = Debug|Any CPU
		{98CEFAF6-9E78-4DC2-A0B1-69AA7F9F6E21}.Debug|Mixed Platforms.ActiveCfg = Debug|Any CPU
		{98CEFAF6-9E78-4DC2-A0B1-69AA7F9F6E21}.Debug|Mixed Platforms.Build.0 = Debug|Any CPU
		{98CEFAF6-9E78-4DC2-A0B1-69AA7F9F6E21}.Debug|x86.ActiveCfg = Debug|Any CPU
		{98CEFAF6-9E78-4DC2-A0B1-69AA7F9F6E21}.Release|Any CPU.ActiveCfg = Release|Any CPU
		{98CEFAF6-9E78-4DC2-A0B1-69AA7F9F6E21}.Release|Any CPU.Build.0 = Release|Any CPU
		{98CEFAF6-9E78-4DC2-A0B1-69AA7F9F6E21}.Release|Mixed Platforms.ActiveCfg = Release|Any CPU
		{98CEFAF6-9E78-4DC2-A0B1-69AA7F9F6E21}.Release|Mixed Platforms.Build.0 = Release|Any CPU
		{98CEFAF6-9E78-4DC2-A0B1-69AA7F9F6E21}.Release|x86.ActiveCfg = Release|Any CPU
		{6D2450F1-6E43-4629-9859-506E938337FD}.Debug|Any CPU.ActiveCfg = Debug|x86
		{6D2450F1-6E43-4629-9859-506E938337FD}.Debug|Mixed Platforms.ActiveCfg = Debug|x86
		{6D2450F1-6E43-4629-9859-506E938337FD}.Debug|Mixed Platforms.Build.0 = Debug|x86
		{6D2450F1-6E43-4629-9859-506E938337FD}.Debug|x86.ActiveCfg = Debug|x86
		{6D2450F1-6E43-4629-9859-506E938337FD}.Debug|x86.Build.0 = Debug|x86
		{6D2450F1-6E43-4629-9859-506E938337FD}.Release|Any CPU.ActiveCfg = Release|x86
		{6D2450F1-6E43-4629-9859-506E938337FD}.Release|Mixed Platforms.ActiveCfg = Release|x86
		{6D2450F1-6E43-4629-9859-506E938337FD}.Release|Mixed Platforms.Build.0 = Release|x86
		{6D2450F1-6E43-4629-9859-506E938337FD}.Release|x86.ActiveCfg = Release|x86
		{6D2450F1-6E43-4629-9859-506E938337FD}.Release|x86.Build.0 = Release|x86
		{E51A89AF-7E67-44DC-ADC9-B1AE4F1FA0B2}.Debug|Any CPU.ActiveCfg = Debug|x86
		{E51A89AF-7E67-44DC-ADC9-B1AE4F1FA0B2}.Debug|Mixed Platforms.ActiveCfg = Debug|x86
		{E51A89AF-7E67-44DC-ADC9-B1AE4F1FA0B2}.Debug|Mixed Platforms.Build.0 = Debug|x86
		{E51A89AF-7E67-44DC-ADC9-B1AE4F1FA0B2}.Debug|x86.ActiveCfg = Debug|x86
		{E51A89AF-7E67-44DC-ADC9-B1AE4F1FA0B2}.Debug|x86.Build.0 = Debug|x86
		{E51A89AF-7E67-44DC-ADC9-B1AE4F1FA0B2}.Release|Any CPU.ActiveCfg = Release|x86
		{E51A89AF-7E67-44DC-ADC9-B1AE4F1FA0B2}.Release|Mixed Platforms.ActiveCfg = Release|x86
		{E51A89AF-7E67-44DC-ADC9-B1AE4F1FA0B2}.Release|Mixed Platforms.Build.0 = Release|x86
		{E51A89AF-7E67-44DC-ADC9-B1AE4F1FA0B2}.Release|x86.ActiveCfg = Release|x86
		{E51A89AF-7E67-44DC-ADC9-B1AE4F1FA0B2}.Release|x86.Build.0 = Release|x86
	EndGlobalSection
	GlobalSection(SolutionProperties) = preSolution
		HideSolutionNode = FALSE
	EndGlobalSection
EndGlobal
